// !$*UTF8*$!
{
	archiveVersion = 1;
	classes = {
	};
	objectVersion = 46;
	objects = {

/* Begin PBXBuildFile section */
		3DA3DA241ECBE946004428A2 /* AppDelegate.swift in Sources */ = {isa = PBXBuildFile; fileRef = 3DA3DA231ECBE946004428A2 /* AppDelegate.swift */; };
		3DA3DA261ECBE946004428A2 /* ViewController.swift in Sources */ = {isa = PBXBuildFile; fileRef = 3DA3DA251ECBE946004428A2 /* ViewController.swift */; };
		3DA3DA291ECBE946004428A2 /* Main.storyboard in Resources */ = {isa = PBXBuildFile; fileRef = 3DA3DA271ECBE946004428A2 /* Main.storyboard */; };
		3DA3DA2B1ECBE946004428A2 /* Assets.xcassets in Resources */ = {isa = PBXBuildFile; fileRef = 3DA3DA2A1ECBE946004428A2 /* Assets.xcassets */; };
		3DA3DA2E1ECBE946004428A2 /* LaunchScreen.storyboard in Resources */ = {isa = PBXBuildFile; fileRef = 3DA3DA2C1ECBE946004428A2 /* LaunchScreen.storyboard */; };
		3DA3DA391ECBE946004428A2 /* LayerTestTests.swift in Sources */ = {isa = PBXBuildFile; fileRef = 3DA3DA381ECBE946004428A2 /* LayerTestTests.swift */; };
		3DA3DA441ECBE946004428A2 /* LayerTestUITests.swift in Sources */ = {isa = PBXBuildFile; fileRef = 3DA3DA431ECBE946004428A2 /* LayerTestUITests.swift */; };
/* End PBXBuildFile section */

/* Begin PBXContainerItemProxy section */
		3DA3DA351ECBE946004428A2 /* PBXContainerItemProxy */ = {
			isa = PBXContainerItemProxy;
			containerPortal = 3DA3DA181ECBE946004428A2 /* Project object */;
			proxyType = 1;
			remoteGlobalIDString = 3DA3DA1F1ECBE946004428A2;
			remoteInfo = LayerTest;
		};
		3DA3DA401ECBE946004428A2 /* PBXContainerItemProxy */ = {
			isa = PBXContainerItemProxy;
			containerPortal = 3DA3DA181ECBE946004428A2 /* Project object */;
			proxyType = 1;
			remoteGlobalIDString = 3DA3DA1F1ECBE946004428A2;
			remoteInfo = LayerTest;
		};
/* End PBXContainerItemProxy section */

/* Begin PBXFileReference section */
		3DA3DA201ECBE946004428A2 /* LayerTest.app */ = {isa = PBXFileReference; explicitFileType = wrapper.application; includeInIndex = 0; path = LayerTest.app; sourceTree = BUILT_PRODUCTS_DIR; };
		3DA3DA231ECBE946004428A2 /* AppDelegate.swift */ = {isa = PBXFileReference; lastKnownFileType = sourcecode.swift; path = AppDelegate.swift; sourceTree = "<group>"; };
		3DA3DA251ECBE946004428A2 /* ViewController.swift */ = {isa = PBXFileReference; lastKnownFileType = sourcecode.swift; path = ViewController.swift; sourceTree = "<group>"; };
		3DA3DA281ECBE946004428A2 /* Base */ = {isa = PBXFileReference; lastKnownFileType = file.storyboard; name = Base; path = Base.lproj/Main.storyboard; sourceTree = "<group>"; };
		3DA3DA2A1ECBE946004428A2 /* Assets.xcassets */ = {isa = PBXFileReference; lastKnownFileType = folder.assetcatalog; path = Assets.xcassets; sourceTree = "<group>"; };
		3DA3DA2D1ECBE946004428A2 /* Base */ = {isa = PBXFileReference; lastKnownFileType = file.storyboard; name = Base; path = Base.lproj/LaunchScreen.storyboard; sourceTree = "<group>"; };
		3DA3DA2F1ECBE946004428A2 /* Info.plist */ = {isa = PBXFileReference; lastKnownFileType = text.plist.xml; path = Info.plist; sourceTree = "<group>"; };
		3DA3DA341ECBE946004428A2 /* LayerTestTests.xctest */ = {isa = PBXFileReference; explicitFileType = wrapper.cfbundle; includeInIndex = 0; path = LayerTestTests.xctest; sourceTree = BUILT_PRODUCTS_DIR; };
		3DA3DA381ECBE946004428A2 /* LayerTestTests.swift */ = {isa = PBXFileReference; lastKnownFileType = sourcecode.swift; path = LayerTestTests.swift; sourceTree = "<group>"; };
		3DA3DA3A1ECBE946004428A2 /* Info.plist */ = {isa = PBXFileReference; lastKnownFileType = text.plist.xml; path = Info.plist; sourceTree = "<group>"; };
		3DA3DA3F1ECBE946004428A2 /* LayerTestUITests.xctest */ = {isa = PBXFileReference; explicitFileType = wrapper.cfbundle; includeInIndex = 0; path = LayerTestUITests.xctest; sourceTree = BUILT_PRODUCTS_DIR; };
		3DA3DA431ECBE946004428A2 /* LayerTestUITests.swift */ = {isa = PBXFileReference; lastKnownFileType = sourcecode.swift; path = LayerTestUITests.swift; sourceTree = "<group>"; };
		3DA3DA451ECBE947004428A2 /* Info.plist */ = {isa = PBXFileReference; lastKnownFileType = text.plist.xml; path = Info.plist; sourceTree = "<group>"; };
/* End PBXFileReference section */

/* Begin PBXFrameworksBuildPhase section */
		3DA3DA1D1ECBE946004428A2 /* Frameworks */ = {
			isa = PBXFrameworksBuildPhase;
			buildActionMask = 2147483647;
			files = (
			);
			runOnlyForDeploymentPostprocessing = 0;
		};
		3DA3DA311ECBE946004428A2 /* Frameworks */ = {
			isa = PBXFrameworksBuildPhase;
			buildActionMask = 2147483647;
			files = (
			);
			runOnlyForDeploymentPostprocessing = 0;
		};
		3DA3DA3C1ECBE946004428A2 /* Frameworks */ = {
			isa = PBXFrameworksBuildPhase;
			buildActionMask = 2147483647;
			files = (
			);
			runOnlyForDeploymentPostprocessing = 0;
		};
/* End PBXFrameworksBuildPhase section */

/* Begin PBXGroup section */
		3DA3DA171ECBE946004428A2 = {
			isa = PBXGroup;
			children = (
				3DA3DA221ECBE946004428A2 /* LayerTest */,
				3DA3DA371ECBE946004428A2 /* LayerTestTests */,
				3DA3DA421ECBE946004428A2 /* LayerTestUITests */,
				3DA3DA211ECBE946004428A2 /* Products */,
			);
			sourceTree = "<group>";
		};
		3DA3DA211ECBE946004428A2 /* Products */ = {
			isa = PBXGroup;
			children = (
				3DA3DA201ECBE946004428A2 /* LayerTest.app */,
				3DA3DA341ECBE946004428A2 /* LayerTestTests.xctest */,
				3DA3DA3F1ECBE946004428A2 /* LayerTestUITests.xctest */,
			);
			name = Products;
			sourceTree = "<group>";
		};
		3DA3DA221ECBE946004428A2 /* LayerTest */ = {
			isa = PBXGroup;
			children = (
				3DA3DA231ECBE946004428A2 /* AppDelegate.swift */,
				3DA3DA251ECBE946004428A2 /* ViewController.swift */,
				3DA3DA271ECBE946004428A2 /* Main.storyboard */,
				3DA3DA2A1ECBE946004428A2 /* Assets.xcassets */,
				3DA3DA2C1ECBE946004428A2 /* LaunchScreen.storyboard */,
				3DA3DA2F1ECBE946004428A2 /* Info.plist */,
			);
			path = LayerTest;
			sourceTree = "<group>";
		};
		3DA3DA371ECBE946004428A2 /* LayerTestTests */ = {
			isa = PBXGroup;
			children = (
				3DA3DA381ECBE946004428A2 /* LayerTestTests.swift */,
				3DA3DA3A1ECBE946004428A2 /* Info.plist */,
			);
			path = LayerTestTests;
			sourceTree = "<group>";
		};
		3DA3DA421ECBE946004428A2 /* LayerTestUITests */ = {
			isa = PBXGroup;
			children = (
				3DA3DA431ECBE946004428A2 /* LayerTestUITests.swift */,
				3DA3DA451ECBE947004428A2 /* Info.plist */,
			);
			path = LayerTestUITests;
			sourceTree = "<group>";
		};
/* End PBXGroup section */

/* Begin PBXNativeTarget section */
		3DA3DA1F1ECBE946004428A2 /* LayerTest */ = {
			isa = PBXNativeTarget;
			buildConfigurationList = 3DA3DA481ECBE947004428A2 /* Build configuration list for PBXNativeTarget "LayerTest" */;
			buildPhases = (
				3DA3DA1C1ECBE946004428A2 /* Sources */,
				3DA3DA1D1ECBE946004428A2 /* Frameworks */,
				3DA3DA1E1ECBE946004428A2 /* Resources */,
			);
			buildRules = (
			);
			dependencies = (
			);
			name = LayerTest;
			productName = LayerTest;
			productReference = 3DA3DA201ECBE946004428A2 /* LayerTest.app */;
			productType = "com.apple.product-type.application";
		};
		3DA3DA331ECBE946004428A2 /* LayerTestTests */ = {
			isa = PBXNativeTarget;
			buildConfigurationList = 3DA3DA4B1ECBE947004428A2 /* Build configuration list for PBXNativeTarget "LayerTestTests" */;
			buildPhases = (
				3DA3DA301ECBE946004428A2 /* Sources */,
				3DA3DA311ECBE946004428A2 /* Frameworks */,
				3DA3DA321ECBE946004428A2 /* Resources */,
			);
			buildRules = (
			);
			dependencies = (
				3DA3DA361ECBE946004428A2 /* PBXTargetDependency */,
			);
			name = LayerTestTests;
			productName = LayerTestTests;
			productReference = 3DA3DA341ECBE946004428A2 /* LayerTestTests.xctest */;
			productType = "com.apple.product-type.bundle.unit-test";
		};
		3DA3DA3E1ECBE946004428A2 /* LayerTestUITests */ = {
			isa = PBXNativeTarget;
			buildConfigurationList = 3DA3DA4E1ECBE947004428A2 /* Build configuration list for PBXNativeTarget "LayerTestUITests" */;
			buildPhases = (
				3DA3DA3B1ECBE946004428A2 /* Sources */,
				3DA3DA3C1ECBE946004428A2 /* Frameworks */,
				3DA3DA3D1ECBE946004428A2 /* Resources */,
			);
			buildRules = (
			);
			dependencies = (
				3DA3DA411ECBE946004428A2 /* PBXTargetDependency */,
			);
			name = LayerTestUITests;
			productName = LayerTestUITests;
			productReference = 3DA3DA3F1ECBE946004428A2 /* LayerTestUITests.xctest */;
			productType = "com.apple.product-type.bundle.ui-testing";
		};
/* End PBXNativeTarget section */

/* Begin PBXProject section */
		3DA3DA181ECBE946004428A2 /* Project object */ = {
			isa = PBXProject;
			attributes = {
				LastSwiftUpdateCheck = 0830;
				LastUpgradeCheck = 0830;
				ORGANIZATIONNAME = suckerl;
				TargetAttributes = {
					3DA3DA1F1ECBE946004428A2 = {
						CreatedOnToolsVersion = 8.3.1;
						ProvisioningStyle = Automatic;
					};
					3DA3DA331ECBE946004428A2 = {
						CreatedOnToolsVersion = 8.3.1;
						ProvisioningStyle = Automatic;
						TestTargetID = 3DA3DA1F1ECBE946004428A2;
					};
					3DA3DA3E1ECBE946004428A2 = {
						CreatedOnToolsVersion = 8.3.1;
						ProvisioningStyle = Automatic;
						TestTargetID = 3DA3DA1F1ECBE946004428A2;
					};
				};
			};
			buildConfigurationList = 3DA3DA1B1ECBE946004428A2 /* Build configuration list for PBXProject "LayerTest" */;
			compatibilityVersion = "Xcode 3.2";
			developmentRegion = English;
			hasScannedForEncodings = 0;
			knownRegions = (
				en,
				Base,
			);
			mainGroup = 3DA3DA171ECBE946004428A2;
			productRefGroup = 3DA3DA211ECBE946004428A2 /* Products */;
			projectDirPath = "";
			projectRoot = "";
			targets = (
				3DA3DA1F1ECBE946004428A2 /* LayerTest */,
				3DA3DA331ECBE946004428A2 /* LayerTestTests */,
				3DA3DA3E1ECBE946004428A2 /* LayerTestUITests */,
			);
		};
/* End PBXProject section */

/* Begin PBXResourcesBuildPhase section */
		3DA3DA1E1ECBE946004428A2 /* Resources */ = {
			isa = PBXResourcesBuildPhase;
			buildActionMask = 2147483647;
			files = (
				3DA3DA2E1ECBE946004428A2 /* LaunchScreen.storyboard in Resources */,
				3DA3DA2B1ECBE946004428A2 /* Assets.xcassets in Resources */,
				3DA3DA291ECBE946004428A2 /* Main.storyboard in Resources */,
			);
			runOnlyForDeploymentPostprocessing = 0;
		};
		3DA3DA321ECBE946004428A2 /* Resources */ = {
			isa = PBXResourcesBuildPhase;
			buildActionMask = 2147483647;
			files = (
			);
			runOnlyForDeploymentPostprocessing = 0;
		};
		3DA3DA3D1ECBE946004428A2 /* Resources */ = {
			isa = PBXResourcesBuildPhase;
			buildActionMask = 2147483647;
			files = (
			);
			runOnlyForDeploymentPostprocessing = 0;
		};
/* End PBXResourcesBuildPhase section */

/* Begin PBXSourcesBuildPhase section */
		3DA3DA1C1ECBE946004428A2 /* Sources */ = {
			isa = PBXSourcesBuildPhase;
			buildActionMask = 2147483647;
			files = (
				3DA3DA261ECBE946004428A2 /* ViewController.swift in Sources */,
				3DA3DA241ECBE946004428A2 /* AppDelegate.swift in Sources */,
			);
			runOnlyForDeploymentPostprocessing = 0;
		};
		3DA3DA301ECBE946004428A2 /* Sources */ = {
			isa = PBXSourcesBuildPhase;
			buildActionMask = 2147483647;
			files = (
				3DA3DA391ECBE946004428A2 /* LayerTestTests.swift in Sources */,
			);
			runOnlyForDeploymentPostprocessing = 0;
		};
		3DA3DA3B1ECBE946004428A2 /* Sources */ = {
			isa = PBXSourcesBuildPhase;
			buildActionMask = 2147483647;
			files = (
				3DA3DA441ECBE946004428A2 /* LayerTestUITests.swift in Sources */,
			);
			runOnlyForDeploymentPostprocessing = 0;
		};
/* End PBXSourcesBuildPhase section */

/* Begin PBXTargetDependency section */
		3DA3DA361ECBE946004428A2 /* PBXTargetDependency */ = {
			isa = PBXTargetDependency;
			target = 3DA3DA1F1ECBE946004428A2 /* LayerTest */;
			targetProxy = 3DA3DA351ECBE946004428A2 /* PBXContainerItemProxy */;
		};
		3DA3DA411ECBE946004428A2 /* PBXTargetDependency */ = {
			isa = PBXTargetDependency;
			target = 3DA3DA1F1ECBE946004428A2 /* LayerTest */;
			targetProxy = 3DA3DA401ECBE946004428A2 /* PBXContainerItemProxy */;
		};
/* End PBXTargetDependency section */

/* Begin PBXVariantGroup section */
		3DA3DA271ECBE946004428A2 /* Main.storyboard */ = {
			isa = PBXVariantGroup;
			children = (
				3DA3DA281ECBE946004428A2 /* Base */,
			);
			name = Main.storyboard;
			sourceTree = "<group>";
		};
		3DA3DA2C1ECBE946004428A2 /* LaunchScreen.storyboard */ = {
			isa = PBXVariantGroup;
			children = (
				3DA3DA2D1ECBE946004428A2 /* Base */,
			);
			name = LaunchScreen.storyboard;
			sourceTree = "<group>";
		};
/* End PBXVariantGroup section */

/* Begin XCBuildConfiguration section */
		3DA3DA461ECBE947004428A2 /* Debug */ = {
			isa = XCBuildConfiguration;
			buildSettings = {
				ALWAYS_SEARCH_USER_PATHS = NO;
				CLANG_ANALYZER_NONNULL = YES;
				CLANG_ANALYZER_NUMBER_OBJECT_CONVERSION = YES_AGGRESSIVE;
				CLANG_CXX_LANGUAGE_STANDARD = "gnu++0x";
				CLANG_CXX_LIBRARY = "libc++";
				CLANG_ENABLE_MODULES = YES;
				CLANG_ENABLE_OBJC_ARC = YES;
				CLANG_WARN_BOOL_CONVERSION = YES;
				CLANG_WARN_CONSTANT_CONVERSION = YES;
				CLANG_WARN_DIRECT_OBJC_ISA_USAGE = YES_ERROR;
				CLANG_WARN_DOCUMENTATION_COMMENTS = YES;
				CLANG_WARN_EMPTY_BODY = YES;
				CLANG_WARN_ENUM_CONVERSION = YES;
				CLANG_WARN_INFINITE_RECURSION = YES;
				CLANG_WARN_INT_CONVERSION = YES;
				CLANG_WARN_OBJC_ROOT_CLASS = YES_ERROR;
				CLANG_WARN_SUSPICIOUS_MOVE = YES;
				CLANG_WARN_UNREACHABLE_CODE = YES;
				CLANG_WARN__DUPLICATE_METHOD_MATCH = YES;
				"CODE_SIGN_IDENTITY[sdk=iphoneos*]" = "iPhone Developer";
				COPY_PHASE_STRIP = NO;
				DEBUG_INFORMATION_FORMAT = dwarf;
				ENABLE_STRICT_OBJC_MSGSEND = YES;
				ENABLE_TESTABILITY = YES;
				GCC_C_LANGUAGE_STANDARD = gnu99;
				GCC_DYNAMIC_NO_PIC = NO;
				GCC_NO_COMMON_BLOCKS = YES;
				GCC_OPTIMIZATION_LEVEL = 0;
				GCC_PREPROCESSOR_DEFINITIONS = (
					"DEBUG=1",
					"$(inherited)",
				);
				GCC_WARN_64_TO_32_BIT_CONVERSION = YES;
				GCC_WARN_ABOUT_RETURN_TYPE = YES_ERROR;
				GCC_WARN_UNDECLARED_SELECTOR = YES;
				GCC_WARN_UNINITIALIZED_AUTOS = YES_AGGRESSIVE;
				GCC_WARN_UNUSED_FUNCTION = YES;
				GCC_WARN_UNUSED_VARIABLE = YES;
				IPHONEOS_DEPLOYMENT_TARGET = 10.3;
				MTL_ENABLE_DEBUG_INFO = YES;
				ONLY_ACTIVE_ARCH = YES;
				SDKROOT = iphoneos;
				SWIFT_ACTIVE_COMPILATION_CONDITIONS = DEBUG;
				SWIFT_OPTIMIZATION_LEVEL = "-Onone";
			};
			name = Debug;
		};
		3DA3DA471ECBE947004428A2 /* Release */ = {
			isa = XCBuildConfiguration;
			buildSettings = {
				ALWAYS_SEARCH_USER_PATHS = NO;
				CLANG_ANALYZER_NONNULL = YES;
				CLANG_ANALYZER_NUMBER_OBJECT_CONVERSION = YES_AGGRESSIVE;
				CLANG_CXX_LANGUAGE_STANDARD = "gnu++0x";
				CLANG_CXX_LIBRARY = "libc++";
				CLANG_ENABLE_MODULES = YES;
				CLANG_ENABLE_OBJC_ARC = YES;
				CLANG_WARN_BOOL_CONVERSION = YES;
				CLANG_WARN_CONSTANT_CONVERSION = YES;
				CLANG_WARN_DIRECT_OBJC_ISA_USAGE = YES_ERROR;
				CLANG_WARN_DOCUMENTATION_COMMENTS = YES;
				CLANG_WARN_EMPTY_BODY = YES;
				CLANG_WARN_ENUM_CONVERSION = YES;
				CLANG_WARN_INFINITE_RECURSION = YES;
				CLANG_WARN_INT_CONVERSION = YES;
				CLANG_WARN_OBJC_ROOT_CLASS = YES_ERROR;
				CLANG_WARN_SUSPICIOUS_MOVE = YES;
				CLANG_WARN_UNREACHABLE_CODE = YES;
				CLANG_WARN__DUPLICATE_METHOD_MATCH = YES;
				"CODE_SIGN_IDENTITY[sdk=iphoneos*]" = "iPhone Developer";
				COPY_PHASE_STRIP = NO;
				DEBUG_INFORMATION_FORMAT = "dwarf-with-dsym";
				ENABLE_NS_ASSERTIONS = NO;
				ENABLE_STRICT_OBJC_MSGSEND = YES;
				GCC_C_LANGUAGE_STANDARD = gnu99;
				GCC_NO_COMMON_BLOCKS = YES;
				GCC_WARN_64_TO_32_BIT_CONVERSION = YES;
				GCC_WARN_ABOUT_RETURN_TYPE = YES_ERROR;
				GCC_WARN_UNDECLARED_SELECTOR = YES;
				GCC_WARN_UNINITIALIZED_AUTOS = YES_AGGRESSIVE;
				GCC_WARN_UNUSED_FUNCTION = YES;
				GCC_WARN_UNUSED_VARIABLE = YES;
				IPHONEOS_DEPLOYMENT_TARGET = 10.3;
				MTL_ENABLE_DEBUG_INFO = NO;
				SDKROOT = iphoneos;
				SWIFT_OPTIMIZATION_LEVEL = "-Owholemodule";
				VALIDATE_PRODUCT = YES;
			};
			name = Release;
		};
		3DA3DA491ECBE947004428A2 /* Debug */ = {
			isa = XCBuildConfiguration;
			buildSettings = {
				ASSETCATALOG_COMPILER_APPICON_NAME = AppIcon;
				INFOPLIST_FILE = LayerTest/Info.plist;
				LD_RUNPATH_SEARCH_PATHS = "$(inherited) @executable_path/Frameworks";
				PRODUCT_BUNDLE_IDENTIFIER = com.www.suckerl.LayerTest;
				PRODUCT_NAME = "$(TARGET_NAME)";
				SWIFT_VERSION = 3.0;
			};
			name = Debug;
		};
		3DA3DA4A1ECBE947004428A2 /* Release */ = {
			isa = XCBuildConfiguration;
			buildSettings = {
				ASSETCATALOG_COMPILER_APPICON_NAME = AppIcon;
				INFOPLIST_FILE = LayerTest/Info.plist;
				LD_RUNPATH_SEARCH_PATHS = "$(inherited) @executable_path/Frameworks";
				PRODUCT_BUNDLE_IDENTIFIER = com.www.suckerl.LayerTest;
				PRODUCT_NAME = "$(TARGET_NAME)";
				SWIFT_VERSION = 3.0;
			};
			name = Release;
		};
		3DA3DA4C1ECBE947004428A2 /* Debug */ = {
			isa = XCBuildConfiguration;
			buildSettings = {
				ALWAYS_EMBED_SWIFT_STANDARD_LIBRARIES = YES;
				BUNDLE_LOADER = "$(TEST_HOST)";
				INFOPLIST_FILE = LayerTestTests/Info.plist;
				LD_RUNPATH_SEARCH_PATHS = "$(inherited) @executable_path/Frameworks @loader_path/Frameworks";
				PRODUCT_BUNDLE_IDENTIFIER = com.www.suckerl.LayerTestTests;
				PRODUCT_NAME = "$(TARGET_NAME)";
				SWIFT_VERSION = 3.0;
				TEST_HOST = "$(BUILT_PRODUCTS_DIR)/LayerTest.app/LayerTest";
			};
			name = Debug;
		};
		3DA3DA4D1ECBE947004428A2 /* Release */ = {
			isa = XCBuildConfiguration;
			buildSettings = {
				ALWAYS_EMBED_SWIFT_STANDARD_LIBRARIES = YES;
				BUNDLE_LOADER = "$(TEST_HOST)";
				INFOPLIST_FILE = LayerTestTests/Info.plist;
				LD_RUNPATH_SEARCH_PATHS = "$(inherited) @executable_path/Frameworks @loader_path/Frameworks";
				PRODUCT_BUNDLE_IDENTIFIER = com.www.suckerl.LayerTestTests;
				PRODUCT_NAME = "$(TARGET_NAME)";
				SWIFT_VERSION = 3.0;
				TEST_HOST = "$(BUILT_PRODUCTS_DIR)/LayerTest.app/LayerTest";
			};
			name = Release;
		};
		3DA3DA4F1ECBE947004428A2 /* Debug */ = {
			isa = XCBuildConfiguration;
			buildSettings = {
				ALWAYS_EMBED_SWIFT_STANDARD_LIBRARIES = YES;
				INFOPLIST_FILE = LayerTestUITests/Info.plist;
				LD_RUNPATH_SEARCH_PATHS = "$(inherited) @executable_path/Frameworks @loader_path/Frameworks";
				PRODUCT_BUNDLE_IDENTIFIER = com.www.suckerl.LayerTestUITests;
				PRODUCT_NAME = "$(TARGET_NAME)";
				SWIFT_VERSION = 3.0;
				TEST_TARGET_NAME = LayerTest;
			};
			name = Debug;
		};
		3DA3DA501ECBE947004428A2 /* Release */ = {
			isa = XCBuildConfiguration;
			buildSettings = {
				ALWAYS_EMBED_SWIFT_STANDARD_LIBRARIES = YES;
				INFOPLIST_FILE = LayerTestUITests/Info.plist;
				LD_RUNPATH_SEARCH_PATHS = "$(inherited) @executable_path/Frameworks @loader_path/Frameworks";
				PRODUCT_BUNDLE_IDENTIFIER = com.www.suckerl.LayerTestUITests;
				PRODUCT_NAME = "$(TARGET_NAME)";
				SWIFT_VERSION = 3.0;
				TEST_TARGET_NAME = LayerTest;
			};
			name = Release;
		};
/* End XCBuildConfiguration section */

/* Begin XCConfigurationList section */
		3DA3DA1B1ECBE946004428A2 /* Build configuration list for PBXProject "LayerTest" */ = {
			isa = XCConfigurationList;
			buildConfigurations = (
				3DA3DA461ECBE947004428A2 /* Debug */,
				3DA3DA471ECBE947004428A2 /* Release */,
			);
			defaultConfigurationIsVisible = 0;
			defaultConfigurationName = Release;
		};
		3DA3DA481ECBE947004428A2 /* Build configuration list for PBXNativeTarget "LayerTest" */ = {
			isa = XCConfigurationList;
			buildConfigurations = (
				3DA3DA491ECBE947004428A2 /* Debug */,
				3DA3DA4A1ECBE947004428A2 /* Release */,
			);
			defaultConfigurationIsVisible = 0;
		};
		3DA3DA4B1ECBE947004428A2 /* Build configuration list for PBXNativeTarget "LayerTestTests" */ = {
			isa = XCConfigurationList;
			buildConfigurations = (
				3DA3DA4C1ECBE947004428A2 /* Debug */,
				3DA3DA4D1ECBE947004428A2 /* Release */,
			);
			defaultConfigurationIsVisible = 0;
		};
		3DA3DA4E1ECBE947004428A2 /* Build configuration list for PBXNativeTarget "LayerTestUITests" */ = {
			isa = XCConfigurationList;
			buildConfigurations = (
				3DA3DA4F1ECBE947004428A2 /* Debug */,
				3DA3DA501ECBE947004428A2 /* Release */,
			);
			defaultConfigurationIsVisible = 0;
		};
/* End XCConfigurationList section */
	};
	rootObject = 3DA3DA181ECBE946004428A2 /* Project object */;
}
